
Microsoft Visual Studio Solution File, Format Version 12.00
# Visual Studio 15
VisualStudioVersion = 15.0.28307.779
MinimumVisualStudioVersion = 10.0.40219.1
Project("{FAE04EC0-301F-11D3-BF4B-00C04F79EFBC}") = "Twitter-Console", "Twitter-Console\Twitter-Console.csproj", "{FBFBA89C-949F-47BA-9BD0-EAA89E6FC457}"
EndProject
Project("{9A19103F-16F7-4668-BE54-9A1E7A4F7556}") = "TweetManager", "TweetManager\TweetManager.csproj", "{3118CF6B-70D9-4A2D-9C2C-4C06A2F4A561}"
EndProject
Project("{FAE04EC0-301F-11D3-BF4B-00C04F79EFBC}") = "Twitter-Form", "Twitter-Form\Twitter-Form.csproj", "{EC33C946-31A3-42F8-8DBE-48B6D38C4C79}"
EndProject
Global
	GlobalSection(SolutionConfigurationPlatforms) = preSolution
		Debug|Any CPU = Debug|Any CPU
		Release|Any CPU = Release|Any CPU
	EndGlobalSection
	GlobalSection(ProjectConfigurationPlatforms) = postSolution
		{FBFBA89C-949F-47BA-9BD0-EAA89E6FC457}.Debug|Any CPU.ActiveCfg = Debug|Any CPU
		{FBFBA89C-949F-47BA-9BD0-EAA89E6FC457}.Debug|Any CPU.Build.0 = Debug|Any CPU
		{FBFBA89C-949F-47BA-9BD0-EAA89E6FC457}.Release|Any CPU.ActiveCfg = Release|Any CPU
		{FBFBA89C-949F-47BA-9BD0-EAA89E6FC457}.Release|Any CPU.Build.0 = Release|Any CPU
		{3118CF6B-70D9-4A2D-9C2C-4C06A2F4A561}.Debug|Any CPU.ActiveCfg = Debug|Any CPU
		{3118CF6B-70D9-4A2D-9C2C-4C06A2F4A561}.Debug|Any CPU.Build.0 = Debug|Any CPU
		{3118CF6B-70D9-4A2D-9C2C-4C06A2F4A561}.Release|Any CPU.ActiveCfg = Release|Any CPU
		{3118CF6B-70D9-4A2D-9C2C-4C06A2F4A561}.Release|Any CPU.Build.0 = Release|Any CPU
		{EC33C946-31A3-42F8-8DBE-48B6D38C4C79}.Debug|Any CPU.ActiveCfg = Debug|Any CPU
		{EC33C946-31A3-42F8-8DBE-48B6D38C4C79}.Debug|Any CPU.Build.0 = Debug|Any CPU
		{EC33C946-31A3-42F8-8DBE-48B6D38C4C79}.Release|Any CPU.ActiveCfg = Release|Any CPU
		{EC33C946-31A3-42F8-8DBE-48B6D38C4C79}.Release|Any CPU.Build.0 = Release|Any CPU
	EndGlobalSection
	GlobalSection(SolutionProperties) = preSolution
		HideSolutionNode = FALSE
	EndGlobalSection
	GlobalSection(ExtensibilityGlobals) = postSolution
		SolutionGuid = {34C993CE-892C-412C-B643-495A7637C37D}
	EndGlobalSection
EndGlobal
